
Microsoft Visual Studio Solution File, Format Version 12.00
# Visual Studio Version 16
VisualStudioVersion = 16.0.31205.134
MinimumVisualStudioVersion = 10.0.40219.1
Project("{FAE04EC0-301F-11D3-BF4B-00C04F79EFBC}") = "SklifHelper", "SklifHelper\SklifHelper.csproj", "{5FF74D50-D5F4-4D1A-9933-6B64AA02314C}"
EndProject
Global
	GlobalSection(SolutionConfigurationPlatforms) = preSolution
		Debug|Any CPU = Debug|Any CPU
		Release|Any CPU = Release|Any CPU
	EndGlobalSection
	GlobalSection(ProjectConfigurationPlatforms) = postSolution
		{5FF74D50-D5F4-4D1A-9933-6B64AA02314C}.Debug|Any CPU.ActiveCfg = Debug|Any CPU
		{5FF74D50-D5F4-4D1A-9933-6B64AA02314C}.Debug|Any CPU.Build.0 = Debug|Any CPU
		{5FF74D50-D5F4-4D1A-9933-6B64AA02314C}.Release|Any CPU.ActiveCfg = Release|Any CPU
		{5FF74D50-D5F4-4D1A-9933-6B64AA02314C}.Release|Any CPU.Build.0 = Release|Any CPU
	EndGlobalSection
	GlobalSection(SolutionProperties) = preSolution
		HideSolutionNode = FALSE
	EndGlobalSection
	GlobalSection(ExtensibilityGlobals) = postSolution
		SolutionGuid = {DC3DE738-8CB4-43F3-81B8-AC4E17CFD298}
	EndGlobalSection
EndGlobal
